// !$*UTF8*$!
{
	archiveVersion = 1;
	classes = {
	};
	objectVersion = 48;
	objects = {

/* Begin PBXBuildFile section */
		0989FBE8202562670016F70D /* GoogleService-Info.plist in Resources */ = {isa = PBXBuildFile; fileRef = 0989FBE7202562670016F70D /* GoogleService-Info.plist */; };
		09BA7417202342F3007049BA /* AppDelegate.swift in Sources */ = {isa = PBXBuildFile; fileRef = 09BA7416202342F3007049BA /* AppDelegate.swift */; };
		09BA741C202342F3007049BA /* Main.storyboard in Resources */ = {isa = PBXBuildFile; fileRef = 09BA741A202342F3007049BA /* Main.storyboard */; };
		09BA7421202342F3007049BA /* LaunchScreen.storyboard in Resources */ = {isa = PBXBuildFile; fileRef = 09BA741F202342F3007049BA /* LaunchScreen.storyboard */; };
		9247010A2027063B00352B93 /* PersonViewController.swift in Sources */ = {isa = PBXBuildFile; fileRef = 924701092027063B00352B93 /* PersonViewController.swift */; };
		9278752A2026F44D007C1E37 /* LogViewController.swift in Sources */ = {isa = PBXBuildFile; fileRef = 927875292026F44D007C1E37 /* LogViewController.swift */; };
		9278752C2026F573007C1E37 /* ConferenceroomViewController.swift in Sources */ = {isa = PBXBuildFile; fileRef = 9278752B2026F573007C1E37 /* ConferenceroomViewController.swift */; };
		9278752E2026F83F007C1E37 /* CreateAccountViewController.swift in Sources */ = {isa = PBXBuildFile; fileRef = 9278752D2026F83F007C1E37 /* CreateAccountViewController.swift */; };
		927875302026F84C007C1E37 /* ResetPasswordViewController.swift in Sources */ = {isa = PBXBuildFile; fileRef = 9278752F2026F84C007C1E37 /* ResetPasswordViewController.swift */; };
		BE3D355D2025A1F000FBAD7C /* HomeViewController.swift in Sources */ = {isa = PBXBuildFile; fileRef = BE3D355C2025A1F000FBAD7C /* HomeViewController.swift */; };
		BE48211A202B09190032C786 /* AnserViewController.swift in Sources */ = {isa = PBXBuildFile; fileRef = BE482117202B09180032C786 /* AnserViewController.swift */; };
		BE48211B202B09190032C786 /* TableCell.swift in Sources */ = {isa = PBXBuildFile; fileRef = BE482118202B09190032C786 /* TableCell.swift */; };
		BE48211E202B0A6C0032C786 /* CountryViewController.swift in Sources */ = {isa = PBXBuildFile; fileRef = BE48211D202B0A6C0032C786 /* CountryViewController.swift */; };
		BE493E9A202A091B00680DD1 /* HomeCollectionViewCell.swift in Sources */ = {isa = PBXBuildFile; fileRef = BE493E99202A091B00680DD1 /* HomeCollectionViewCell.swift */; };
		BE493E9C202A0BBA00680DD1 /* Assets.xcassets in Resources */ = {isa = PBXBuildFile; fileRef = BE493E9B202A0BBA00680DD1 /* Assets.xcassets */; };
		BE493E9E202A0CE300680DD1 /* SubjectsViewController.swift in Sources */ = {isa = PBXBuildFile; fileRef = BE493E9D202A0CE300680DD1 /* SubjectsViewController.swift */; };
		BE493EA0202A0E4A00680DD1 /* SubjectsVCTableViewCell.swift in Sources */ = {isa = PBXBuildFile; fileRef = BE493E9F202A0E4A00680DD1 /* SubjectsVCTableViewCell.swift */; };
		BE4C7E4E2028890A0010435A /* AskViewController.swift in Sources */ = {isa = PBXBuildFile; fileRef = BE4C7E4D2028890A0010435A /* AskViewController.swift */; };
		E96F5E86B4297E6AAF89D6B3 /* Pods_Qurious.framework in Frameworks */ = {isa = PBXBuildFile; fileRef = 292DDA70C93CEE0DD741CD46 /* Pods_Qurious.framework */; };
/* End PBXBuildFile section */

/* Begin PBXFileReference section */
		0989FBE7202562670016F70D /* GoogleService-Info.plist */ = {isa = PBXFileReference; fileEncoding = 4; lastKnownFileType = text.plist.xml; path = "GoogleService-Info.plist"; sourceTree = "<group>"; };
		09BA7413202342F3007049BA /* Qurious.app */ = {isa = PBXFileReference; explicitFileType = wrapper.application; includeInIndex = 0; path = Qurious.app; sourceTree = BUILT_PRODUCTS_DIR; };
		09BA7416202342F3007049BA /* AppDelegate.swift */ = {isa = PBXFileReference; lastKnownFileType = sourcecode.swift; path = AppDelegate.swift; sourceTree = "<group>"; };
		09BA741B202342F3007049BA /* Base */ = {isa = PBXFileReference; lastKnownFileType = file.storyboard; name = Base; path = Base.lproj/Main.storyboard; sourceTree = "<group>"; };
		09BA7420202342F3007049BA /* Base */ = {isa = PBXFileReference; lastKnownFileType = file.storyboard; name = Base; path = Base.lproj/LaunchScreen.storyboard; sourceTree = "<group>"; };
		09BA7422202342F3007049BA /* Info.plist */ = {isa = PBXFileReference; lastKnownFileType = text.plist.xml; path = Info.plist; sourceTree = "<group>"; };
		292DDA70C93CEE0DD741CD46 /* Pods_Qurious.framework */ = {isa = PBXFileReference; explicitFileType = wrapper.framework; includeInIndex = 0; path = Pods_Qurious.framework; sourceTree = BUILT_PRODUCTS_DIR; };
		924701092027063B00352B93 /* PersonViewController.swift */ = {isa = PBXFileReference; lastKnownFileType = sourcecode.swift; path = PersonViewController.swift; sourceTree = "<group>"; };
		927875292026F44D007C1E37 /* LogViewController.swift */ = {isa = PBXFileReference; lastKnownFileType = sourcecode.swift; path = LogViewController.swift; sourceTree = "<group>"; };
		9278752B2026F573007C1E37 /* ConferenceroomViewController.swift */ = {isa = PBXFileReference; lastKnownFileType = sourcecode.swift; path = ConferenceroomViewController.swift; sourceTree = "<group>"; };
		9278752D2026F83F007C1E37 /* CreateAccountViewController.swift */ = {isa = PBXFileReference; lastKnownFileType = sourcecode.swift; path = CreateAccountViewController.swift; sourceTree = "<group>"; };
		9278752F2026F84C007C1E37 /* ResetPasswordViewController.swift */ = {isa = PBXFileReference; lastKnownFileType = sourcecode.swift; path = ResetPasswordViewController.swift; sourceTree = "<group>"; };
		BE3D355C2025A1F000FBAD7C /* HomeViewController.swift */ = {isa = PBXFileReference; lastKnownFileType = sourcecode.swift; path = HomeViewController.swift; sourceTree = "<group>"; };
		BE482117202B09180032C786 /* AnserViewController.swift */ = {isa = PBXFileReference; fileEncoding = 4; lastKnownFileType = sourcecode.swift; path = AnserViewController.swift; sourceTree = "<group>"; };
		BE482118202B09190032C786 /* TableCell.swift */ = {isa = PBXFileReference; fileEncoding = 4; lastKnownFileType = sourcecode.swift; path = TableCell.swift; sourceTree = "<group>"; };
		BE48211D202B0A6C0032C786 /* CountryViewController.swift */ = {isa = PBXFileReference; fileEncoding = 4; lastKnownFileType = sourcecode.swift; path = CountryViewController.swift; sourceTree = "<group>"; };
		BE493E99202A091B00680DD1 /* HomeCollectionViewCell.swift */ = {isa = PBXFileReference; lastKnownFileType = sourcecode.swift; path = HomeCollectionViewCell.swift; sourceTree = "<group>"; };
		BE493E9B202A0BBA00680DD1 /* Assets.xcassets */ = {isa = PBXFileReference; lastKnownFileType = folder.assetcatalog; path = Assets.xcassets; sourceTree = "<group>"; };
		BE493E9D202A0CE300680DD1 /* SubjectsViewController.swift */ = {isa = PBXFileReference; lastKnownFileType = sourcecode.swift; path = SubjectsViewController.swift; sourceTree = "<group>"; };
		BE493E9F202A0E4A00680DD1 /* SubjectsVCTableViewCell.swift */ = {isa = PBXFileReference; lastKnownFileType = sourcecode.swift; path = SubjectsVCTableViewCell.swift; sourceTree = "<group>"; };
		BE4C7E4D2028890A0010435A /* AskViewController.swift */ = {isa = PBXFileReference; lastKnownFileType = sourcecode.swift; path = AskViewController.swift; sourceTree = "<group>"; };
		C578E298FA3AA082A5860C95 /* Pods-Qurious.debug.xcconfig */ = {isa = PBXFileReference; includeInIndex = 1; lastKnownFileType = text.xcconfig; name = "Pods-Qurious.debug.xcconfig"; path = "Pods/Target Support Files/Pods-Qurious/Pods-Qurious.debug.xcconfig"; sourceTree = "<group>"; };
		FB7E129EB9ECB8EE476E2B91 /* Pods-Qurious.release.xcconfig */ = {isa = PBXFileReference; includeInIndex = 1; lastKnownFileType = text.xcconfig; name = "Pods-Qurious.release.xcconfig"; path = "Pods/Target Support Files/Pods-Qurious/Pods-Qurious.release.xcconfig"; sourceTree = "<group>"; };
/* End PBXFileReference section */

/* Begin PBXFrameworksBuildPhase section */
		09BA7410202342F3007049BA /* Frameworks */ = {
			isa = PBXFrameworksBuildPhase;
			buildActionMask = 2147483647;
			files = (
				E96F5E86B4297E6AAF89D6B3 /* Pods_Qurious.framework in Frameworks */,
			);
			runOnlyForDeploymentPostprocessing = 0;
		};
/* End PBXFrameworksBuildPhase section */

/* Begin PBXGroup section */
		09BA740A202342F3007049BA = {
			isa = PBXGroup;
			children = (
				09BA7415202342F3007049BA /* Qurious */,
				09BA7414202342F3007049BA /* Products */,
				FB1DA5BCED7D9DFECFD04200 /* Pods */,
				67BD50EA2147FE7DFF0AB50F /* Frameworks */,
			);
			sourceTree = "<group>";
		};
		09BA7414202342F3007049BA /* Products */ = {
			isa = PBXGroup;
			children = (
				09BA7413202342F3007049BA /* Qurious.app */,
			);
			name = Products;
			sourceTree = "<group>";
		};
		09BA7415202342F3007049BA /* Qurious */ = {
			isa = PBXGroup;
			children = (
				BE48211D202B0A6C0032C786 /* CountryViewController.swift */,
				BE482117202B09180032C786 /* AnserViewController.swift */,
				BE482118202B09190032C786 /* TableCell.swift */,
				BE493E9B202A0BBA00680DD1 /* Assets.xcassets */,
				09BA741A202342F3007049BA /* Main.storyboard */,
				BE493E9D202A0CE300680DD1 /* SubjectsViewController.swift */,
				09BA7416202342F3007049BA /* AppDelegate.swift */,
				09BA741F202342F3007049BA /* LaunchScreen.storyboard */,
				09BA7422202342F3007049BA /* Info.plist */,
				0989FBE7202562670016F70D /* GoogleService-Info.plist */,
				BE3D355C2025A1F000FBAD7C /* HomeViewController.swift */,
				927875292026F44D007C1E37 /* LogViewController.swift */,
				9278752B2026F573007C1E37 /* ConferenceroomViewController.swift */,
				9278752D2026F83F007C1E37 /* CreateAccountViewController.swift */,
				9278752F2026F84C007C1E37 /* ResetPasswordViewController.swift */,
				924701092027063B00352B93 /* PersonViewController.swift */,
				BE4C7E4D2028890A0010435A /* AskViewController.swift */,
				BE493E99202A091B00680DD1 /* HomeCollectionViewCell.swift */,
				BE493E9F202A0E4A00680DD1 /* SubjectsVCTableViewCell.swift */,
			);
			path = Qurious;
			sourceTree = "<group>";
		};
		67BD50EA2147FE7DFF0AB50F /* Frameworks */ = {
			isa = PBXGroup;
			children = (
				292DDA70C93CEE0DD741CD46 /* Pods_Qurious.framework */,
			);
			name = Frameworks;
			sourceTree = "<group>";
		};
		FB1DA5BCED7D9DFECFD04200 /* Pods */ = {
			isa = PBXGroup;
			children = (
				C578E298FA3AA082A5860C95 /* Pods-Qurious.debug.xcconfig */,
				FB7E129EB9ECB8EE476E2B91 /* Pods-Qurious.release.xcconfig */,
			);
			name = Pods;
			sourceTree = "<group>";
		};
/* End PBXGroup section */

/* Begin PBXNativeTarget section */
		09BA7412202342F3007049BA /* Qurious */ = {
			isa = PBXNativeTarget;
			buildConfigurationList = 09BA7425202342F3007049BA /* Build configuration list for PBXNativeTarget "Qurious" */;
			buildPhases = (
				94334A2F4C90A864C8F52D0C /* [CP] Check Pods Manifest.lock */,
				09BA740F202342F3007049BA /* Sources */,
				09BA7410202342F3007049BA /* Frameworks */,
				09BA7411202342F3007049BA /* Resources */,
				F949CF98542DD7891A84A72F /* [CP] Embed Pods Frameworks */,
				BD9FAC292E4DF244C0958132 /* [CP] Copy Pods Resources */,
			);
			buildRules = (
			);
			dependencies = (
			);
			name = Qurious;
			productName = Qurious;
			productReference = 09BA7413202342F3007049BA /* Qurious.app */;
			productType = "com.apple.product-type.application";
		};
/* End PBXNativeTarget section */

/* Begin PBXProject section */
		09BA740B202342F3007049BA /* Project object */ = {
			isa = PBXProject;
			attributes = {
				LastSwiftUpdateCheck = 0920;
				LastUpgradeCheck = 0920;
				ORGANIZATIONNAME = "鄭致彥";
				TargetAttributes = {
					09BA7412202342F3007049BA = {
						CreatedOnToolsVersion = 9.2;
						ProvisioningStyle = Automatic;
					};
				};
			};
			buildConfigurationList = 09BA740E202342F3007049BA /* Build configuration list for PBXProject "Qurious" */;
			compatibilityVersion = "Xcode 8.0";
			developmentRegion = en;
			hasScannedForEncodings = 0;
			knownRegions = (
				en,
				Base,
			);
			mainGroup = 09BA740A202342F3007049BA;
			productRefGroup = 09BA7414202342F3007049BA /* Products */;
			projectDirPath = "";
			projectRoot = "";
			targets = (
				09BA7412202342F3007049BA /* Qurious */,
			);
		};
/* End PBXProject section */

/* Begin PBXResourcesBuildPhase section */
		09BA7411202342F3007049BA /* Resources */ = {
			isa = PBXResourcesBuildPhase;
			buildActionMask = 2147483647;
			files = (
				09BA7421202342F3007049BA /* LaunchScreen.storyboard in Resources */,
				0989FBE8202562670016F70D /* GoogleService-Info.plist in Resources */,
				09BA741C202342F3007049BA /* Main.storyboard in Resources */,
				BE493E9C202A0BBA00680DD1 /* Assets.xcassets in Resources */,
			);
			runOnlyForDeploymentPostprocessing = 0;
		};
/* End PBXResourcesBuildPhase section */

/* Begin PBXShellScriptBuildPhase section */
		94334A2F4C90A864C8F52D0C /* [CP] Check Pods Manifest.lock */ = {
			isa = PBXShellScriptBuildPhase;
			buildActionMask = 2147483647;
			files = (
			);
			inputPaths = (
				"${PODS_PODFILE_DIR_PATH}/Podfile.lock",
				"${PODS_ROOT}/Manifest.lock",
			);
			name = "[CP] Check Pods Manifest.lock";
			outputPaths = (
				"$(DERIVED_FILE_DIR)/Pods-Qurious-checkManifestLockResult.txt",
			);
			runOnlyForDeploymentPostprocessing = 0;
			shellPath = /bin/sh;
			shellScript = "diff \"${PODS_PODFILE_DIR_PATH}/Podfile.lock\" \"${PODS_ROOT}/Manifest.lock\" > /dev/null\nif [ $? != 0 ] ; then\n    # print error to STDERR\n    echo \"error: The sandbox is not in sync with the Podfile.lock. Run 'pod install' or update your CocoaPods installation.\" >&2\n    exit 1\nfi\n# This output is used by Xcode 'outputs' to avoid re-running this script phase.\necho \"SUCCESS\" > \"${SCRIPT_OUTPUT_FILE_0}\"\n";
			showEnvVarsInLog = 0;
		};
		BD9FAC292E4DF244C0958132 /* [CP] Copy Pods Resources */ = {
			isa = PBXShellScriptBuildPhase;
			buildActionMask = 2147483647;
			files = (
			);
			inputPaths = (
			);
			name = "[CP] Copy Pods Resources";
			outputPaths = (
			);
			runOnlyForDeploymentPostprocessing = 0;
			shellPath = /bin/sh;
			shellScript = "\"${SRCROOT}/Pods/Target Support Files/Pods-Qurious/Pods-Qurious-resources.sh\"\n";
			showEnvVarsInLog = 0;
		};
		F949CF98542DD7891A84A72F /* [CP] Embed Pods Frameworks */ = {
			isa = PBXShellScriptBuildPhase;
			buildActionMask = 2147483647;
			files = (
			);
			inputPaths = (
				"${SRCROOT}/Pods/Target Support Files/Pods-Qurious/Pods-Qurious-frameworks.sh",
				"${BUILT_PRODUCTS_DIR}/GTMSessionFetcher/GTMSessionFetcher.framework",
				"${BUILT_PRODUCTS_DIR}/GoogleToolboxForMac/GoogleToolboxForMac.framework",
				"${BUILT_PRODUCTS_DIR}/leveldb-library/leveldb.framework",
				"${BUILT_PRODUCTS_DIR}/nanopb/nanopb.framework",
			);
			name = "[CP] Embed Pods Frameworks";
			outputPaths = (
				"${TARGET_BUILD_DIR}/${FRAMEWORKS_FOLDER_PATH}/GTMSessionFetcher.framework",
				"${TARGET_BUILD_DIR}/${FRAMEWORKS_FOLDER_PATH}/GoogleToolboxForMac.framework",
				"${TARGET_BUILD_DIR}/${FRAMEWORKS_FOLDER_PATH}/leveldb.framework",
				"${TARGET_BUILD_DIR}/${FRAMEWORKS_FOLDER_PATH}/nanopb.framework",
			);
			runOnlyForDeploymentPostprocessing = 0;
			shellPath = /bin/sh;
			shellScript = "\"${SRCROOT}/Pods/Target Support Files/Pods-Qurious/Pods-Qurious-frameworks.sh\"\n";
			showEnvVarsInLog = 0;
		};
/* End PBXShellScriptBuildPhase section */

/* Begin PBXSourcesBuildPhase section */
		09BA740F202342F3007049BA /* Sources */ = {
			isa = PBXSourcesBuildPhase;
			buildActionMask = 2147483647;
			files = (
				BE48211A202B09190032C786 /* AnserViewController.swift in Sources */,
				BE4C7E4E2028890A0010435A /* AskViewController.swift in Sources */,
				BE493E9E202A0CE300680DD1 /* SubjectsViewController.swift in Sources */,
				BE48211B202B09190032C786 /* TableCell.swift in Sources */,
				9278752E2026F83F007C1E37 /* CreateAccountViewController.swift in Sources */,
				09BA7417202342F3007049BA /* AppDelegate.swift in Sources */,
				9278752C2026F573007C1E37 /* ConferenceroomViewController.swift in Sources */,
				927875302026F84C007C1E37 /* ResetPasswordViewController.swift in Sources */,
				BE493E9A202A091B00680DD1 /* HomeCollectionViewCell.swift in Sources */,
				BE3D355D2025A1F000FBAD7C /* HomeViewController.swift in Sources */,
				9278752A2026F44D007C1E37 /* LogViewController.swift in Sources */,
				BE48211E202B0A6C0032C786 /* CountryViewController.swift in Sources */,
				9247010A2027063B00352B93 /* PersonViewController.swift in Sources */,
				BE493EA0202A0E4A00680DD1 /* SubjectsVCTableViewCell.swift in Sources */,
			);
			runOnlyForDeploymentPostprocessing = 0;
		};
/* End PBXSourcesBuildPhase section */

/* Begin PBXVariantGroup section */
		09BA741A202342F3007049BA /* Main.storyboard */ = {
			isa = PBXVariantGroup;
			children = (
				09BA741B202342F3007049BA /* Base */,
			);
			name = Main.storyboard;
			sourceTree = "<group>";
		};
		09BA741F202342F3007049BA /* LaunchScreen.storyboard */ = {
			isa = PBXVariantGroup;
			children = (
				09BA7420202342F3007049BA /* Base */,
			);
			name = LaunchScreen.storyboard;
			sourceTree = "<group>";
		};
/* End PBXVariantGroup section */

/* Begin XCBuildConfiguration section */
		09BA7423202342F3007049BA /* Debug */ = {
			isa = XCBuildConfiguration;
			buildSettings = {
				ALWAYS_SEARCH_USER_PATHS = NO;
				CLANG_ANALYZER_NONNULL = YES;
				CLANG_ANALYZER_NUMBER_OBJECT_CONVERSION = YES_AGGRESSIVE;
				CLANG_CXX_LANGUAGE_STANDARD = "gnu++14";
				CLANG_CXX_LIBRARY = "libc++";
				CLANG_ENABLE_MODULES = YES;
				CLANG_ENABLE_OBJC_ARC = YES;
				CLANG_WARN_BLOCK_CAPTURE_AUTORELEASING = YES;
				CLANG_WARN_BOOL_CONVERSION = YES;
				CLANG_WARN_COMMA = YES;
				CLANG_WARN_CONSTANT_CONVERSION = YES;
				CLANG_WARN_DIRECT_OBJC_ISA_USAGE = YES_ERROR;
				CLANG_WARN_DOCUMENTATION_COMMENTS = YES;
				CLANG_WARN_EMPTY_BODY = YES;
				CLANG_WARN_ENUM_CONVERSION = YES;
				CLANG_WARN_INFINITE_RECURSION = YES;
				CLANG_WARN_INT_CONVERSION = YES;
				CLANG_WARN_NON_LITERAL_NULL_CONVERSION = YES;
				CLANG_WARN_OBJC_LITERAL_CONVERSION = YES;
				CLANG_WARN_OBJC_ROOT_CLASS = YES_ERROR;
				CLANG_WARN_RANGE_LOOP_ANALYSIS = YES;
				CLANG_WARN_STRICT_PROTOTYPES = YES;
				CLANG_WARN_SUSPICIOUS_MOVE = YES;
				CLANG_WARN_UNGUARDED_AVAILABILITY = YES_AGGRESSIVE;
				CLANG_WARN_UNREACHABLE_CODE = YES;
				CLANG_WARN__DUPLICATE_METHOD_MATCH = YES;
				CODE_SIGN_IDENTITY = "iPhone Developer";
				COPY_PHASE_STRIP = NO;
				DEBUG_INFORMATION_FORMAT = dwarf;
				ENABLE_STRICT_OBJC_MSGSEND = YES;
				ENABLE_TESTABILITY = YES;
				GCC_C_LANGUAGE_STANDARD = gnu11;
				GCC_DYNAMIC_NO_PIC = NO;
				GCC_NO_COMMON_BLOCKS = YES;
				GCC_OPTIMIZATION_LEVEL = 0;
				GCC_PREPROCESSOR_DEFINITIONS = (
					"DEBUG=1",
					"$(inherited)",
				);
				GCC_WARN_64_TO_32_BIT_CONVERSION = YES;
				GCC_WARN_ABOUT_RETURN_TYPE = YES_ERROR;
				GCC_WARN_UNDECLARED_SELECTOR = YES;
				GCC_WARN_UNINITIALIZED_AUTOS = YES_AGGRESSIVE;
				GCC_WARN_UNUSED_FUNCTION = YES;
				GCC_WARN_UNUSED_VARIABLE = YES;
				IPHONEOS_DEPLOYMENT_TARGET = 11.2;
				MTL_ENABLE_DEBUG_INFO = YES;
				ONLY_ACTIVE_ARCH = YES;
				SDKROOT = iphoneos;
				SWIFT_ACTIVE_COMPILATION_CONDITIONS = DEBUG;
				SWIFT_OPTIMIZATION_LEVEL = "-Onone";
			};
			name = Debug;
		};
		09BA7424202342F3007049BA /* Release */ = {
			isa = XCBuildConfiguration;
			buildSettings = {
				ALWAYS_SEARCH_USER_PATHS = NO;
				CLANG_ANALYZER_NONNULL = YES;
				CLANG_ANALYZER_NUMBER_OBJECT_CONVERSION = YES_AGGRESSIVE;
				CLANG_CXX_LANGUAGE_STANDARD = "gnu++14";
				CLANG_CXX_LIBRARY = "libc++";
				CLANG_ENABLE_MODULES = YES;
				CLANG_ENABLE_OBJC_ARC = YES;
				CLANG_WARN_BLOCK_CAPTURE_AUTORELEASING = YES;
				CLANG_WARN_BOOL_CONVERSION = YES;
				CLANG_WARN_COMMA = YES;
				CLANG_WARN_CONSTANT_CONVERSION = YES;
				CLANG_WARN_DIRECT_OBJC_ISA_USAGE = YES_ERROR;
				CLANG_WARN_DOCUMENTATION_COMMENTS = YES;
				CLANG_WARN_EMPTY_BODY = YES;
				CLANG_WARN_ENUM_CONVERSION = YES;
				CLANG_WARN_INFINITE_RECURSION = YES;
				CLANG_WARN_INT_CONVERSION = YES;
				CLANG_WARN_NON_LITERAL_NULL_CONVERSION = YES;
				CLANG_WARN_OBJC_LITERAL_CONVERSION = YES;
				CLANG_WARN_OBJC_ROOT_CLASS = YES_ERROR;
				CLANG_WARN_RANGE_LOOP_ANALYSIS = YES;
				CLANG_WARN_STRICT_PROTOTYPES = YES;
				CLANG_WARN_SUSPICIOUS_MOVE = YES;
				CLANG_WARN_UNGUARDED_AVAILABILITY = YES_AGGRESSIVE;
				CLANG_WARN_UNREACHABLE_CODE = YES;
				CLANG_WARN__DUPLICATE_METHOD_MATCH = YES;
				CODE_SIGN_IDENTITY = "iPhone Developer";
				COPY_PHASE_STRIP = NO;
				DEBUG_INFORMATION_FORMAT = "dwarf-with-dsym";
				ENABLE_NS_ASSERTIONS = NO;
				ENABLE_STRICT_OBJC_MSGSEND = YES;
				GCC_C_LANGUAGE_STANDARD = gnu11;
				GCC_NO_COMMON_BLOCKS = YES;
				GCC_WARN_64_TO_32_BIT_CONVERSION = YES;
				GCC_WARN_ABOUT_RETURN_TYPE = YES_ERROR;
				GCC_WARN_UNDECLARED_SELECTOR = YES;
				GCC_WARN_UNINITIALIZED_AUTOS = YES_AGGRESSIVE;
				GCC_WARN_UNUSED_FUNCTION = YES;
				GCC_WARN_UNUSED_VARIABLE = YES;
				IPHONEOS_DEPLOYMENT_TARGET = 11.2;
				MTL_ENABLE_DEBUG_INFO = NO;
				SDKROOT = iphoneos;
				SWIFT_OPTIMIZATION_LEVEL = "-Owholemodule";
				VALIDATE_PRODUCT = YES;
			};
			name = Release;
		};
		09BA7426202342F3007049BA /* Debug */ = {
			isa = XCBuildConfiguration;
			baseConfigurationReference = C578E298FA3AA082A5860C95 /* Pods-Qurious.debug.xcconfig */;
			buildSettings = {
				ASSETCATALOG_COMPILER_APPICON_NAME = AppIcon;
				"CODE_SIGN_IDENTITY[sdk=iphoneos*]" = "iPhone Developer";
				CODE_SIGN_STYLE = Automatic;
				DEVELOPMENT_TEAM = Y332YU73Z7;
				INFOPLIST_FILE = Qurious/Info.plist;
				LD_RUNPATH_SEARCH_PATHS = "$(inherited) @executable_path/Frameworks";
				PRODUCT_BUNDLE_IDENTIFIER = CYC.Qurious;
				PRODUCT_NAME = "$(TARGET_NAME)";
				PROVISIONING_PROFILE_SPECIFIER = "";
				SWIFT_VERSION = 4.0;
				TARGETED_DEVICE_FAMILY = "1,2";
			};
			name = Debug;
		};
		09BA7427202342F3007049BA /* Release */ = {
			isa = XCBuildConfiguration;
			baseConfigurationReference = FB7E129EB9ECB8EE476E2B91 /* Pods-Qurious.release.xcconfig */;
			buildSettings = {
				ASSETCATALOG_COMPILER_APPICON_NAME = AppIcon;
				"CODE_SIGN_IDENTITY[sdk=iphoneos*]" = "iPhone Developer";
				CODE_SIGN_STYLE = Automatic;
				DEVELOPMENT_TEAM = Y332YU73Z7;
				INFOPLIST_FILE = Qurious/Info.plist;
				LD_RUNPATH_SEARCH_PATHS = "$(inherited) @executable_path/Frameworks";
				PRODUCT_BUNDLE_IDENTIFIER = CYC.Qurious;
				PRODUCT_NAME = "$(TARGET_NAME)";
				PROVISIONING_PROFILE_SPECIFIER = "";
				SWIFT_VERSION = 4.0;
				TARGETED_DEVICE_FAMILY = "1,2";
			};
			name = Release;
		};
/* End XCBuildConfiguration section */

/* Begin XCConfigurationList section */
		09BA740E202342F3007049BA /* Build configuration list for PBXProject "Qurious" */ = {
			isa = XCConfigurationList;
			buildConfigurations = (
				09BA7423202342F3007049BA /* Debug */,
				09BA7424202342F3007049BA /* Release */,
			);
			defaultConfigurationIsVisible = 0;
			defaultConfigurationName = Release;
		};
		09BA7425202342F3007049BA /* Build configuration list for PBXNativeTarget "Qurious" */ = {
			isa = XCConfigurationList;
			buildConfigurations = (
				09BA7426202342F3007049BA /* Debug */,
				09BA7427202342F3007049BA /* Release */,
			);
			defaultConfigurationIsVisible = 0;
			defaultConfigurationName = Release;
		};
/* End XCConfigurationList section */
	};
	rootObject = 09BA740B202342F3007049BA /* Project object */;
}
